
Microsoft Visual Studio Solution File, Format Version 12.00
# Visual Studio Version 17
VisualStudioVersion = 17.3.32825.248
MinimumVisualStudioVersion = 10.0.40219.1
Project("{FAE04EC0-301F-11D3-BF4B-00C04F79EFBC}") = "DataWranglingFootball", "DataWranglingFootball.csproj", "{A389D093-6AAC-4E24-A6CF-6ADEB7F49E57}"
EndProject
Global
	GlobalSection(SolutionConfigurationPlatforms) = preSolution
		Debug|Any CPU = Debug|Any CPU
		Release|Any CPU = Release|Any CPU
	EndGlobalSection
	GlobalSection(ProjectConfigurationPlatforms) = postSolution
		{A389D093-6AAC-4E24-A6CF-6ADEB7F49E57}.Debug|Any CPU.ActiveCfg = Debug|Any CPU
		{A389D093-6AAC-4E24-A6CF-6ADEB7F49E57}.Debug|Any CPU.Build.0 = Debug|Any CPU
		{A389D093-6AAC-4E24-A6CF-6ADEB7F49E57}.Release|Any CPU.ActiveCfg = Release|Any CPU
		{A389D093-6AAC-4E24-A6CF-6ADEB7F49E57}.Release|Any CPU.Build.0 = Release|Any CPU
	EndGlobalSection
	GlobalSection(SolutionProperties) = preSolution
		HideSolutionNode = FALSE
	EndGlobalSection
	GlobalSection(ExtensibilityGlobals) = postSolution
		SolutionGuid = {95AA9739-8280-402E-A250-89F7E0FC06D6}
	EndGlobalSection
EndGlobal
